
Microsoft Visual Studio Solution File, Format Version 12.00
# Visual Studio 15
VisualStudioVersion = 15.0.28307.168
MinimumVisualStudioVersion = 10.0.40219.1
Project("{FAE04EC0-301F-11D3-BF4B-00C04F79EFBC}") = "Ex01Teste", "Ex01Teste\Ex01Teste.csproj", "{0FB69CF1-054B-45DE-A3D8-00E850E0C0A9}"
EndProject
Project("{FAE04EC0-301F-11D3-BF4B-00C04F79EFBC}") = "Ex2Retangulo", "Ex2Triangulo\Ex2Retangulo.csproj", "{E674840C-4053-4E7F-BACC-6C927B9DFEAF}"
EndProject
Project("{FAE04EC0-301F-11D3-BF4B-00C04F79EFBC}") = "ContaBancaria", "ContaBancaria\ContaBancaria.csproj", "{48DD7F58-D127-44E7-A0F8-097659FA2476}"
EndProject
Project("{FAE04EC0-301F-11D3-BF4B-00C04F79EFBC}") = "Jogo", "Jogo\Jogo.csproj", "{C4398028-E419-43E2-8813-D65835CC4081}"
EndProject
Global
	GlobalSection(SolutionConfigurationPlatforms) = preSolution
		Debug|Any CPU = Debug|Any CPU
		Release|Any CPU = Release|Any CPU
	EndGlobalSection
	GlobalSection(ProjectConfigurationPlatforms) = postSolution
		{0FB69CF1-054B-45DE-A3D8-00E850E0C0A9}.Debug|Any CPU.ActiveCfg = Debug|Any CPU
		{0FB69CF1-054B-45DE-A3D8-00E850E0C0A9}.Debug|Any CPU.Build.0 = Debug|Any CPU
		{0FB69CF1-054B-45DE-A3D8-00E850E0C0A9}.Release|Any CPU.ActiveCfg = Release|Any CPU
		{0FB69CF1-054B-45DE-A3D8-00E850E0C0A9}.Release|Any CPU.Build.0 = Release|Any CPU
		{E674840C-4053-4E7F-BACC-6C927B9DFEAF}.Debug|Any CPU.ActiveCfg = Debug|Any CPU
		{E674840C-4053-4E7F-BACC-6C927B9DFEAF}.Debug|Any CPU.Build.0 = Debug|Any CPU
		{E674840C-4053-4E7F-BACC-6C927B9DFEAF}.Release|Any CPU.ActiveCfg = Release|Any CPU
		{E674840C-4053-4E7F-BACC-6C927B9DFEAF}.Release|Any CPU.Build.0 = Release|Any CPU
		{48DD7F58-D127-44E7-A0F8-097659FA2476}.Debug|Any CPU.ActiveCfg = Debug|Any CPU
		{48DD7F58-D127-44E7-A0F8-097659FA2476}.Debug|Any CPU.Build.0 = Debug|Any CPU
		{48DD7F58-D127-44E7-A0F8-097659FA2476}.Release|Any CPU.ActiveCfg = Release|Any CPU
		{48DD7F58-D127-44E7-A0F8-097659FA2476}.Release|Any CPU.Build.0 = Release|Any CPU
		{C4398028-E419-43E2-8813-D65835CC4081}.Debug|Any CPU.ActiveCfg = Debug|Any CPU
		{C4398028-E419-43E2-8813-D65835CC4081}.Debug|Any CPU.Build.0 = Debug|Any CPU
		{C4398028-E419-43E2-8813-D65835CC4081}.Release|Any CPU.ActiveCfg = Release|Any CPU
		{C4398028-E419-43E2-8813-D65835CC4081}.Release|Any CPU.Build.0 = Release|Any CPU
	EndGlobalSection
	GlobalSection(SolutionProperties) = preSolution
		HideSolutionNode = FALSE
	EndGlobalSection
	GlobalSection(ExtensibilityGlobals) = postSolution
		SolutionGuid = {74185C3B-A43A-45CF-8752-67803EA0F66C}
	EndGlobalSection
EndGlobal
